
Microsoft Visual Studio Solution File, Format Version 12.00
# Visual Studio Version 16
VisualStudioVersion = 16.0.29418.71
MinimumVisualStudioVersion = 10.0.40219.1
Project("{FAE04EC0-301F-11D3-BF4B-00C04F79EFBC}") = "掩日 - 免杀执行器生成工具", "掩日 - 免杀执行器生成工具.csproj", "{1937EE16-57D7-4A5F-88F4-024244F19DC6}"
EndProject
Global
	GlobalSection(SolutionConfigurationPlatforms) = preSolution
		Debug|Any CPU = Debug|Any CPU
		Release|Any CPU = Release|Any CPU
	EndGlobalSection
	GlobalSection(ProjectConfigurationPlatforms) = postSolution
		{1937EE16-57D7-4A5F-88F4-024244F19DC6}.Debug|Any CPU.ActiveCfg = Debug|Any CPU
		{1937EE16-57D7-4A5F-88F4-024244F19DC6}.Debug|Any CPU.Build.0 = Debug|Any CPU
		{1937EE16-57D7-4A5F-88F4-024244F19DC6}.Release|Any CPU.ActiveCfg = Release|Any CPU
		{1937EE16-57D7-4A5F-88F4-024244F19DC6}.Release|Any CPU.Build.0 = Release|Any CPU
	EndGlobalSection
	GlobalSection(SolutionProperties) = preSolution
		HideSolutionNode = FALSE
	EndGlobalSection
	GlobalSection(ExtensibilityGlobals) = postSolution
		SolutionGuid = {0EEE8472-0613-43CD-92F1-4B362ADE9424}
	EndGlobalSection
EndGlobal
