
Microsoft Visual Studio Solution File, Format Version 12.00
# Visual Studio Version 16
VisualStudioVersion = 16.0.29418.71
MinimumVisualStudioVersion = 10.0.40219.1
Project("{FAE04EC0-301F-11D3-BF4B-00C04F79EFBC}") = "掩日2.0", "掩日2.0.csproj", "{7898617D-08D2-4297-ADFE-5EDD5C1B828B}"
EndProject
Global
	GlobalSection(SolutionConfigurationPlatforms) = preSolution
		Debug|Any CPU = Debug|Any CPU
		Release|Any CPU = Release|Any CPU
	EndGlobalSection
	GlobalSection(ProjectConfigurationPlatforms) = postSolution
		{7898617D-08D2-4297-ADFE-5EDD5C1B828B}.Debug|Any CPU.ActiveCfg = Debug|Any CPU
		{7898617D-08D2-4297-ADFE-5EDD5C1B828B}.Debug|Any CPU.Build.0 = Debug|Any CPU
		{7898617D-08D2-4297-ADFE-5EDD5C1B828B}.Release|Any CPU.ActiveCfg = Release|Any CPU
		{7898617D-08D2-4297-ADFE-5EDD5C1B828B}.Release|Any CPU.Build.0 = Release|Any CPU
	EndGlobalSection
	GlobalSection(SolutionProperties) = preSolution
		HideSolutionNode = FALSE
	EndGlobalSection
	GlobalSection(ExtensibilityGlobals) = postSolution
		SolutionGuid = {FC2825C0-84C1-4FA4-A846-B23326C7C8AF}
	EndGlobalSection
EndGlobal
